
Microsoft Visual Studio Solution File, Format Version 12.00
# Visual Studio Version 16
VisualStudioVersion = 16.0.30011.22
MinimumVisualStudioVersion = 10.0.40219.1
Project("{FAE04EC0-301F-11D3-BF4B-00C04F79EFBC}") = "WebApi_Swagger", "WebApi_Swagger\WebApi_Swagger.csproj", "{3A55F7C3-E007-48EF-BC2B-52C121FFDA1D}"
EndProject
Global
	GlobalSection(SolutionConfigurationPlatforms) = preSolution
		Debug|Any CPU = Debug|Any CPU
		Release|Any CPU = Release|Any CPU
	EndGlobalSection
	GlobalSection(ProjectConfigurationPlatforms) = postSolution
		{3A55F7C3-E007-48EF-BC2B-52C121FFDA1D}.Debug|Any CPU.ActiveCfg = Debug|Any CPU
		{3A55F7C3-E007-48EF-BC2B-52C121FFDA1D}.Debug|Any CPU.Build.0 = Debug|Any CPU
		{3A55F7C3-E007-48EF-BC2B-52C121FFDA1D}.Release|Any CPU.ActiveCfg = Release|Any CPU
		{3A55F7C3-E007-48EF-BC2B-52C121FFDA1D}.Release|Any CPU.Build.0 = Release|Any CPU
	EndGlobalSection
	GlobalSection(SolutionProperties) = preSolution
		HideSolutionNode = FALSE
	EndGlobalSection
	GlobalSection(ExtensibilityGlobals) = postSolution
		SolutionGuid = {E2E39AAC-9B61-42CE-BC0C-7B57D5F15B26}
	EndGlobalSection
EndGlobal
